
Microsoft Visual Studio Solution File, Format Version 12.00
# Visual Studio 14
VisualStudioVersion = 14.0.25123.0
MinimumVisualStudioVersion = 10.0.40219.1
Project("{FAE04EC0-301F-11D3-BF4B-00C04F79EFBC}") = "Parser U", "Parser U\Parser U.csproj", "{F8A99001-E01B-4C26-9D58-90B39C1D693D}"
EndProject
Global
	GlobalSection(SolutionConfigurationPlatforms) = preSolution
		Debug|Any CPU = Debug|Any CPU
		Release|Any CPU = Release|Any CPU
	EndGlobalSection
	GlobalSection(ProjectConfigurationPlatforms) = postSolution
		{F8A99001-E01B-4C26-9D58-90B39C1D693D}.Debug|Any CPU.ActiveCfg = Debug|Any CPU
		{F8A99001-E01B-4C26-9D58-90B39C1D693D}.Debug|Any CPU.Build.0 = Debug|Any CPU
		{F8A99001-E01B-4C26-9D58-90B39C1D693D}.Release|Any CPU.ActiveCfg = Release|Any CPU
		{F8A99001-E01B-4C26-9D58-90B39C1D693D}.Release|Any CPU.Build.0 = Release|Any CPU
	EndGlobalSection
	GlobalSection(SolutionProperties) = preSolution
		HideSolutionNode = FALSE
	EndGlobalSection
EndGlobal
